{
  "name": "3.8",
  "lockfileVersion": 2,
  "requires": true,
  "packages": {
    "": {
      "dependencies": {
        "types-registry": "^0.1.554"
      }
    },
    "node_modules/types-registry": {
      "version": "0.1.554",
      "resolved": "https://registry.npmjs.org/types-registry/-/types-registry-0.1.554.tgz",
      "integrity": "sha512-7pN084l+AWo+tsabd0IGXgYx1lG9uekn5lGMDgZ4uV2KanAWEkznsJpuSeS/it8aS/uEa52IFWIuwgDXQVCdpQ=="
    }
  },
  "dependencies": {
    "types-registry": {
      "version": "0.1.554",
      "resolved": "https://registry.npmjs.org/types-registry/-/types-registry-0.1.554.tgz",
      "integrity": "sha512-7pN084l+AWo+tsabd0IGXgYx1lG9uekn5lGMDgZ4uV2KanAWEkznsJpuSeS/it8aS/uEa52IFWIuwgDXQVCdpQ=="
    }
  }
}
